
Microsoft Visual Studio Solution File, Format Version 12.00
# Visual Studio Version 16
VisualStudioVersion = 16.0.33328.57
MinimumVisualStudioVersion = 10.0.40219.1
Project("{FAE04EC0-301F-11D3-BF4B-00C04F79EFBC}") = "ClassMetotDemo", "ClassMetotDemo\ClassMetotDemo.csproj", "{ABF74CE3-750C-4806-900E-872E9E8817BE}"
EndProject
Global
	GlobalSection(SolutionConfigurationPlatforms) = preSolution
		Debug|Any CPU = Debug|Any CPU
		Release|Any CPU = Release|Any CPU
	EndGlobalSection
	GlobalSection(ProjectConfigurationPlatforms) = postSolution
		{ABF74CE3-750C-4806-900E-872E9E8817BE}.Debug|Any CPU.ActiveCfg = Debug|Any CPU
		{ABF74CE3-750C-4806-900E-872E9E8817BE}.Debug|Any CPU.Build.0 = Debug|Any CPU
		{ABF74CE3-750C-4806-900E-872E9E8817BE}.Release|Any CPU.ActiveCfg = Release|Any CPU
		{ABF74CE3-750C-4806-900E-872E9E8817BE}.Release|Any CPU.Build.0 = Release|Any CPU
	EndGlobalSection
	GlobalSection(SolutionProperties) = preSolution
		HideSolutionNode = FALSE
	EndGlobalSection
	GlobalSection(ExtensibilityGlobals) = postSolution
		SolutionGuid = {69C90306-1210-4AD8-8659-9762CEB4E04A}
	EndGlobalSection
EndGlobal
